
Microsoft Visual Studio Solution File, Format Version 12.00
# Visual Studio Version 16
VisualStudioVersion = 16.0.31112.23
MinimumVisualStudioVersion = 10.0.40219.1
Project("{FAE04EC0-301F-11D3-BF4B-00C04F79EFBC}") = "Inclass10", "Inclass10\Inclass10.csproj", "{A3C041F1-18BF-4DDC-B018-DB817B17F667}"
EndProject
Global
	GlobalSection(SolutionConfigurationPlatforms) = preSolution
		Debug|Any CPU = Debug|Any CPU
		Release|Any CPU = Release|Any CPU
	EndGlobalSection
	GlobalSection(ProjectConfigurationPlatforms) = postSolution
		{A3C041F1-18BF-4DDC-B018-DB817B17F667}.Debug|Any CPU.ActiveCfg = Debug|Any CPU
		{A3C041F1-18BF-4DDC-B018-DB817B17F667}.Debug|Any CPU.Build.0 = Debug|Any CPU
		{A3C041F1-18BF-4DDC-B018-DB817B17F667}.Release|Any CPU.ActiveCfg = Release|Any CPU
		{A3C041F1-18BF-4DDC-B018-DB817B17F667}.Release|Any CPU.Build.0 = Release|Any CPU
	EndGlobalSection
	GlobalSection(SolutionProperties) = preSolution
		HideSolutionNode = FALSE
	EndGlobalSection
	GlobalSection(ExtensibilityGlobals) = postSolution
		SolutionGuid = {DFB2D63F-FB21-4CEB-BDFA-B726FE71AA66}
	EndGlobalSection
EndGlobal
